Microsoft Visual Studio Solution File, Format Version 12.00
# Visual Studio Version 17
VisualStudioVersion = 17.5.2.0
MinimumVisualStudioVersion = 10.0.40219.1
Project("{FAE04EC0-301F-11D3-BF4B-00C04F79EFBC}") = "EmployeeManagementMVC", "EmployeeManagementMVC.csproj", "{288F3051-71A0-FC7C-D762-20FF80598EFF}"
EndProject
Global
	GlobalSection(SolutionConfigurationPlatforms) = preSolution
		Debug|Any CPU = Debug|Any CPU
		Release|Any CPU = Release|Any CPU
	EndGlobalSection
	GlobalSection(ProjectConfigurationPlatforms) = postSolution
		{288F3051-71A0-FC7C-D762-20FF80598EFF}.Debug|Any CPU.ActiveCfg = Debug|Any CPU
		{288F3051-71A0-FC7C-D762-20FF80598EFF}.Debug|Any CPU.Build.0 = Debug|Any CPU
		{288F3051-71A0-FC7C-D762-20FF80598EFF}.Release|Any CPU.ActiveCfg = Release|Any CPU
		{288F3051-71A0-FC7C-D762-20FF80598EFF}.Release|Any CPU.Build.0 = Release|Any CPU
	EndGlobalSection
	GlobalSection(SolutionProperties) = preSolution
		HideSolutionNode = FALSE
	EndGlobalSection
	GlobalSection(ExtensibilityGlobals) = postSolution
		SolutionGuid = {232A0F3B-3BCD-46A0-9932-3A5ED372B306}
	EndGlobalSection
EndGlobal
